// !$*UTF8*$!
{
	archiveVersion = 1;
	classes = {
	};
	objectVersion = 50;
	objects = {

/* Begin PBXBuildFile section */
		B63DD0BE22EAAAFA0028E3A8 /* MMXlog.m in Sources */ = {isa = PBXBuildFile; fileRef = B63DD0BD22EAAAFA0028E3A8 /* MMXlog.m */; };
		B63DD0C122EAAB370028E3A8 /* MMXlogUtil.mm in Sources */ = {isa = PBXBuildFile; fileRef = B63DD0C022EAAB370028E3A8 /* MMXlogUtil.mm */; };
		B659882B22E9BDD200E6B531 /* AppDelegate.m in Sources */ = {isa = PBXBuildFile; fileRef = B659882A22E9BDD200E6B531 /* AppDelegate.m */; };
		B659882E22E9BDD200E6B531 /* ViewController.m in Sources */ = {isa = PBXBuildFile; fileRef = B659882D22E9BDD200E6B531 /* ViewController.m */; };
		B659883122E9BDD200E6B531 /* Main.storyboard in Resources */ = {isa = PBXBuildFile; fileRef = B659882F22E9BDD200E6B531 /* Main.storyboard */; };
		B659883322E9BDD300E6B531 /* Assets.xcassets in Resources */ = {isa = PBXBuildFile; fileRef = B659883222E9BDD300E6B531 /* Assets.xcassets */; };
		B659883622E9BDD300E6B531 /* LaunchScreen.storyboard in Resources */ = {isa = PBXBuildFile; fileRef = B659883422E9BDD300E6B531 /* LaunchScreen.storyboard */; };
		B659883922E9BDD300E6B531 /* main.m in Sources */ = {isa = PBXBuildFile; fileRef = B659883822E9BDD300E6B531 /* main.m */; };
		B659884422E9BE3F00E6B531 /* UIKit.framework in Frameworks */ = {isa = PBXBuildFile; fileRef = B659884322E9BE3F00E6B531 /* UIKit.framework */; };
		B659884622E9BE8E00E6B531 /* mars.framework in Frameworks */ = {isa = PBXBuildFile; fileRef = B659884522E9BE8E00E6B531 /* mars.framework */; };
		B659884822E9BE9D00E6B531 /* SystemConfiguration.framework in Frameworks */ = {isa = PBXBuildFile; fileRef = B659884722E9BE9D00E6B531 /* SystemConfiguration.framework */; };
		B659884A22E9BEBA00E6B531 /* Foundation.framework in Frameworks */ = {isa = PBXBuildFile; fileRef = B659884922E9BEBA00E6B531 /* Foundation.framework */; };
		B659884C22E9BEC400E6B531 /* libz.tbd in Frameworks */ = {isa = PBXBuildFile; fileRef = B659884B22E9BEC400E6B531 /* libz.tbd */; };
		B659884E22E9BECD00E6B531 /* libresolv.9.tbd in Frameworks */ = {isa = PBXBuildFile; fileRef = B659884D22E9BECD00E6B531 /* libresolv.9.tbd */; };
		B659885022E9C0EB00E6B531 /* CoreTelephony.framework in Frameworks */ = {isa = PBXBuildFile; fileRef = B659884F22E9C0EB00E6B531 /* CoreTelephony.framework */; };
		B659885B22E9CE8E00E6B531 /* UIButton+Xlog.m in Sources */ = {isa = PBXBuildFile; fileRef = B659885A22E9CE8E00E6B531 /* UIButton+Xlog.m */; };
		B659885E22E9CEA000E6B531 /* UIViewController+Xlog.m in Sources */ = {isa = PBXBuildFile; fileRef = B659885D22E9CEA000E6B531 /* UIViewController+Xlog.m */; };
		B659886622E9CFC900E6B531 /* NSObject+Swizzle.m in Sources */ = {isa = PBXBuildFile; fileRef = B659886522E9CFC900E6B531 /* NSObject+Swizzle.m */; };
/* End PBXBuildFile section */

/* Begin PBXFileReference section */
		B63DD0BC22EAAAFA0028E3A8 /* MMXlog.h */ = {isa = PBXFileReference; lastKnownFileType = sourcecode.c.h; path = MMXlog.h; sourceTree = "<group>"; };
		B63DD0BD22EAAAFA0028E3A8 /* MMXlog.m */ = {isa = PBXFileReference; lastKnownFileType = sourcecode.c.objc; path = MMXlog.m; sourceTree = "<group>"; };
		B63DD0BF22EAAB370028E3A8 /* MMXlogUtil.h */ = {isa = PBXFileReference; lastKnownFileType = sourcecode.c.h; path = MMXlogUtil.h; sourceTree = "<group>"; };
		B63DD0C022EAAB370028E3A8 /* MMXlogUtil.mm */ = {isa = PBXFileReference; lastKnownFileType = sourcecode.cpp.objcpp; path = MMXlogUtil.mm; sourceTree = "<group>"; };
		B659882622E9BDD200E6B531 /* MMXlogDemo.app */ = {isa = PBXFileReference; explicitFileType = wrapper.application; includeInIndex = 0; path = MMXlogDemo.app; sourceTree = BUILT_PRODUCTS_DIR; };
		B659882922E9BDD200E6B531 /* AppDelegate.h */ = {isa = PBXFileReference; lastKnownFileType = sourcecode.c.h; path = AppDelegate.h; sourceTree = "<group>"; };
		B659882A22E9BDD200E6B531 /* AppDelegate.m */ = {isa = PBXFileReference; lastKnownFileType = sourcecode.c.objc; path = AppDelegate.m; sourceTree = "<group>"; };
		B659882C22E9BDD200E6B531 /* ViewController.h */ = {isa = PBXFileReference; lastKnownFileType = sourcecode.c.h; path = ViewController.h; sourceTree = "<group>"; };
		B659882D22E9BDD200E6B531 /* ViewController.m */ = {isa = PBXFileReference; lastKnownFileType = sourcecode.c.objc; path = ViewController.m; sourceTree = "<group>"; };
		B659883022E9BDD200E6B531 /* Base */ = {isa = PBXFileReference; lastKnownFileType = file.storyboard; name = Base; path = Base.lproj/Main.storyboard; sourceTree = "<group>"; };
		B659883222E9BDD300E6B531 /* Assets.xcassets */ = {isa = PBXFileReference; lastKnownFileType = folder.assetcatalog; path = Assets.xcassets; sourceTree = "<group>"; };
		B659883522E9BDD300E6B531 /* Base */ = {isa = PBXFileReference; lastKnownFileType = file.storyboard; name = Base; path = Base.lproj/LaunchScreen.storyboard; sourceTree = "<group>"; };
		B659883722E9BDD300E6B531 /* Info.plist */ = {isa = PBXFileReference; lastKnownFileType = text.plist.xml; path = Info.plist; sourceTree = "<group>"; };
		B659883822E9BDD300E6B531 /* main.m */ = {isa = PBXFileReference; lastKnownFileType = sourcecode.c.objc; path = main.m; sourceTree = "<group>"; };
		B659884322E9BE3F00E6B531 /* UIKit.framework */ = {isa = PBXFileReference; lastKnownFileType = wrapper.framework; name = UIKit.framework; path = System/Library/Frameworks/UIKit.framework; sourceTree = SDKROOT; };
		B659884522E9BE8E00E6B531 /* mars.framework */ = {isa = PBXFileReference; lastKnownFileType = wrapper.framework; path = mars.framework; sourceTree = "<group>"; };
		B659884722E9BE9D00E6B531 /* SystemConfiguration.framework */ = {isa = PBXFileReference; lastKnownFileType = wrapper.framework; name = SystemConfiguration.framework; path = System/Library/Frameworks/SystemConfiguration.framework; sourceTree = SDKROOT; };
		B659884922E9BEBA00E6B531 /* Foundation.framework */ = {isa = PBXFileReference; lastKnownFileType = wrapper.framework; name = Foundation.framework; path = System/Library/Frameworks/Foundation.framework; sourceTree = SDKROOT; };
		B659884B22E9BEC400E6B531 /* libz.tbd */ = {isa = PBXFileReference; lastKnownFileType = "sourcecode.text-based-dylib-definition"; name = libz.tbd; path = usr/lib/libz.tbd; sourceTree = SDKROOT; };
		B659884D22E9BECD00E6B531 /* libresolv.9.tbd */ = {isa = PBXFileReference; lastKnownFileType = "sourcecode.text-based-dylib-definition"; name = libresolv.9.tbd; path = usr/lib/libresolv.9.tbd; sourceTree = SDKROOT; };
		B659884F22E9C0EB00E6B531 /* CoreTelephony.framework */ = {isa = PBXFileReference; lastKnownFileType = wrapper.framework; name = CoreTelephony.framework; path = System/Library/Frameworks/CoreTelephony.framework; sourceTree = SDKROOT; };
		B659885922E9CE8E00E6B531 /* UIButton+Xlog.h */ = {isa = PBXFileReference; lastKnownFileType = sourcecode.c.h; path = "UIButton+Xlog.h"; sourceTree = "<group>"; };
		B659885A22E9CE8E00E6B531 /* UIButton+Xlog.m */ = {isa = PBXFileReference; lastKnownFileType = sourcecode.c.objc; path = "UIButton+Xlog.m"; sourceTree = "<group>"; };
		B659885C22E9CEA000E6B531 /* UIViewController+Xlog.h */ = {isa = PBXFileReference; lastKnownFileType = sourcecode.c.h; path = "UIViewController+Xlog.h"; sourceTree = "<group>"; };
		B659885D22E9CEA000E6B531 /* UIViewController+Xlog.m */ = {isa = PBXFileReference; lastKnownFileType = sourcecode.c.objc; path = "UIViewController+Xlog.m"; sourceTree = "<group>"; };
		B659886422E9CFC900E6B531 /* NSObject+Swizzle.h */ = {isa = PBXFileReference; lastKnownFileType = sourcecode.c.h; path = "NSObject+Swizzle.h"; sourceTree = "<group>"; };
		B659886522E9CFC900E6B531 /* NSObject+Swizzle.m */ = {isa = PBXFileReference; lastKnownFileType = sourcecode.c.objc; path = "NSObject+Swizzle.m"; sourceTree = "<group>"; };
/* End PBXFileReference section */

/* Begin PBXFrameworksBuildPhase section */
		B659882322E9BDD200E6B531 /* Frameworks */ = {
			isa = PBXFrameworksBuildPhase;
			buildActionMask = 2147483647;
			files = (
				B659885022E9C0EB00E6B531 /* CoreTelephony.framework in Frameworks */,
				B659884E22E9BECD00E6B531 /* libresolv.9.tbd in Frameworks */,
				B659884C22E9BEC400E6B531 /* libz.tbd in Frameworks */,
				B659884A22E9BEBA00E6B531 /* Foundation.framework in Frameworks */,
				B659884822E9BE9D00E6B531 /* SystemConfiguration.framework in Frameworks */,
				B659884422E9BE3F00E6B531 /* UIKit.framework in Frameworks */,
				B659884622E9BE8E00E6B531 /* mars.framework in Frameworks */,
			);
			runOnlyForDeploymentPostprocessing = 0;
		};
/* End PBXFrameworksBuildPhase section */

/* Begin PBXGroup section */
		B63DD0BB22EAA9900028E3A8 /* MMXlog */ = {
			isa = PBXGroup;
			children = (
				B63DD0BC22EAAAFA0028E3A8 /* MMXlog.h */,
				B63DD0BD22EAAAFA0028E3A8 /* MMXlog.m */,
				B63DD0BF22EAAB370028E3A8 /* MMXlogUtil.h */,
				B63DD0C022EAAB370028E3A8 /* MMXlogUtil.mm */,
			);
			path = MMXlog;
			sourceTree = "<group>";
		};
		B659881D22E9BDD200E6B531 = {
			isa = PBXGroup;
			children = (
				B659882822E9BDD200E6B531 /* MMXlogDemo */,
				B659882722E9BDD200E6B531 /* Products */,
				B659884222E9BE3F00E6B531 /* Frameworks */,
			);
			sourceTree = "<group>";
		};
		B659882722E9BDD200E6B531 /* Products */ = {
			isa = PBXGroup;
			children = (
				B659882622E9BDD200E6B531 /* MMXlogDemo.app */,
			);
			name = Products;
			sourceTree = "<group>";
		};
		B659882822E9BDD200E6B531 /* MMXlogDemo */ = {
			isa = PBXGroup;
			children = (
				B63DD0BB22EAA9900028E3A8 /* MMXlog */,
				B659885822E9C3BC00E6B531 /* Category */,
				B659882922E9BDD200E6B531 /* AppDelegate.h */,
				B659882A22E9BDD200E6B531 /* AppDelegate.m */,
				B659882C22E9BDD200E6B531 /* ViewController.h */,
				B659882D22E9BDD200E6B531 /* ViewController.m */,
				B659882F22E9BDD200E6B531 /* Main.storyboard */,
				B659883222E9BDD300E6B531 /* Assets.xcassets */,
				B659883422E9BDD300E6B531 /* LaunchScreen.storyboard */,
				B659883722E9BDD300E6B531 /* Info.plist */,
				B659883822E9BDD300E6B531 /* main.m */,
			);
			path = MMXlogDemo;
			sourceTree = "<group>";
		};
		B659884222E9BE3F00E6B531 /* Frameworks */ = {
			isa = PBXGroup;
			children = (
				B659884F22E9C0EB00E6B531 /* CoreTelephony.framework */,
				B659884D22E9BECD00E6B531 /* libresolv.9.tbd */,
				B659884B22E9BEC400E6B531 /* libz.tbd */,
				B659884922E9BEBA00E6B531 /* Foundation.framework */,
				B659884722E9BE9D00E6B531 /* SystemConfiguration.framework */,
				B659884522E9BE8E00E6B531 /* mars.framework */,
				B659884322E9BE3F00E6B531 /* UIKit.framework */,
			);
			name = Frameworks;
			sourceTree = "<group>";
		};
		B659885822E9C3BC00E6B531 /* Category */ = {
			isa = PBXGroup;
			children = (
				B659885922E9CE8E00E6B531 /* UIButton+Xlog.h */,
				B659885A22E9CE8E00E6B531 /* UIButton+Xlog.m */,
				B659885C22E9CEA000E6B531 /* UIViewController+Xlog.h */,
				B659885D22E9CEA000E6B531 /* UIViewController+Xlog.m */,
				B659886422E9CFC900E6B531 /* NSObject+Swizzle.h */,
				B659886522E9CFC900E6B531 /* NSObject+Swizzle.m */,
			);
			path = Category;
			sourceTree = "<group>";
		};
/* End PBXGroup section */

/* Begin PBXNativeTarget section */
		B659882522E9BDD200E6B531 /* MMXlogDemo */ = {
			isa = PBXNativeTarget;
			buildConfigurationList = B659883C22E9BDD300E6B531 /* Build configuration list for PBXNativeTarget "MMXlogDemo" */;
			buildPhases = (
				B659882222E9BDD200E6B531 /* Sources */,
				B659882322E9BDD200E6B531 /* Frameworks */,
				B659882422E9BDD200E6B531 /* Resources */,
			);
			buildRules = (
			);
			dependencies = (
			);
			name = MMXlogDemo;
			productName = MMXlogDemo;
			productReference = B659882622E9BDD200E6B531 /* MMXlogDemo.app */;
			productType = "com.apple.product-type.application";
		};
/* End PBXNativeTarget section */

/* Begin PBXProject section */
		B659881E22E9BDD200E6B531 /* Project object */ = {
			isa = PBXProject;
			attributes = {
				LastUpgradeCheck = 1030;
				ORGANIZATIONNAME = "李扬";
				TargetAttributes = {
					B659882522E9BDD200E6B531 = {
						CreatedOnToolsVersion = 10.3;
					};
				};
			};
			buildConfigurationList = B659882122E9BDD200E6B531 /* Build configuration list for PBXProject "MMXlogDemo" */;
			compatibilityVersion = "Xcode 9.3";
			developmentRegion = en;
			hasScannedForEncodings = 0;
			knownRegions = (
				en,
				Base,
			);
			mainGroup = B659881D22E9BDD200E6B531;
			productRefGroup = B659882722E9BDD200E6B531 /* Products */;
			projectDirPath = "";
			projectRoot = "";
			targets = (
				B659882522E9BDD200E6B531 /* MMXlogDemo */,
			);
		};
/* End PBXProject section */

/* Begin PBXResourcesBuildPhase section */
		B659882422E9BDD200E6B531 /* Resources */ = {
			isa = PBXResourcesBuildPhase;
			buildActionMask = 2147483647;
			files = (
				B659883622E9BDD300E6B531 /* LaunchScreen.storyboard in Resources */,
				B659883322E9BDD300E6B531 /* Assets.xcassets in Resources */,
				B659883122E9BDD200E6B531 /* Main.storyboard in Resources */,
			);
			runOnlyForDeploymentPostprocessing = 0;
		};
/* End PBXResourcesBuildPhase section */

/* Begin PBXSourcesBuildPhase section */
		B659882222E9BDD200E6B531 /* Sources */ = {
			isa = PBXSourcesBuildPhase;
			buildActionMask = 2147483647;
			files = (
				B659885B22E9CE8E00E6B531 /* UIButton+Xlog.m in Sources */,
				B659882E22E9BDD200E6B531 /* ViewController.m in Sources */,
				B63DD0C122EAAB370028E3A8 /* MMXlogUtil.mm in Sources */,
				B659886622E9CFC900E6B531 /* NSObject+Swizzle.m in Sources */,
				B63DD0BE22EAAAFA0028E3A8 /* MMXlog.m in Sources */,
				B659883922E9BDD300E6B531 /* main.m in Sources */,
				B659885E22E9CEA000E6B531 /* UIViewController+Xlog.m in Sources */,
				B659882B22E9BDD200E6B531 /* AppDelegate.m in Sources */,
			);
			runOnlyForDeploymentPostprocessing = 0;
		};
/* End PBXSourcesBuildPhase section */

/* Begin PBXVariantGroup section */
		B659882F22E9BDD200E6B531 /* Main.storyboard */ = {
			isa = PBXVariantGroup;
			children = (
				B659883022E9BDD200E6B531 /* Base */,
			);
			name = Main.storyboard;
			sourceTree = "<group>";
		};
		B659883422E9BDD300E6B531 /* LaunchScreen.storyboard */ = {
			isa = PBXVariantGroup;
			children = (
				B659883522E9BDD300E6B531 /* Base */,
			);
			name = LaunchScreen.storyboard;
			sourceTree = "<group>";
		};
/* End PBXVariantGroup section */

/* Begin XCBuildConfiguration section */
		B659883A22E9BDD300E6B531 /* Debug */ = {
			isa = XCBuildConfiguration;
			buildSettings = {
				ALWAYS_SEARCH_USER_PATHS = NO;
				CLANG_ANALYZER_NONNULL = YES;
				CLANG_ANALYZER_NUMBER_OBJECT_CONVERSION = YES_AGGRESSIVE;
				CLANG_CXX_LANGUAGE_STANDARD = "gnu++14";
				CLANG_CXX_LIBRARY = "libc++";
				CLANG_ENABLE_MODULES = YES;
				CLANG_ENABLE_OBJC_ARC = YES;
				CLANG_ENABLE_OBJC_WEAK = YES;
				CLANG_WARN_BLOCK_CAPTURE_AUTORELEASING = YES;
				CLANG_WARN_BOOL_CONVERSION = YES;
				CLANG_WARN_COMMA = YES;
				CLANG_WARN_CONSTANT_CONVERSION = YES;
				CLANG_WARN_DEPRECATED_OBJC_IMPLEMENTATIONS = YES;
				CLANG_WARN_DIRECT_OBJC_ISA_USAGE = YES_ERROR;
				CLANG_WARN_DOCUMENTATION_COMMENTS = YES;
				CLANG_WARN_EMPTY_BODY = YES;
				CLANG_WARN_ENUM_CONVERSION = YES;
				CLANG_WARN_INFINITE_RECURSION = YES;
				CLANG_WARN_INT_CONVERSION = YES;
				CLANG_WARN_NON_LITERAL_NULL_CONVERSION = YES;
				CLANG_WARN_OBJC_IMPLICIT_RETAIN_SELF = YES;
				CLANG_WARN_OBJC_LITERAL_CONVERSION = YES;
				CLANG_WARN_OBJC_ROOT_CLASS = YES_ERROR;
				CLANG_WARN_RANGE_LOOP_ANALYSIS = YES;
				CLANG_WARN_STRICT_PROTOTYPES = YES;
				CLANG_WARN_SUSPICIOUS_MOVE = YES;
				CLANG_WARN_UNGUARDED_AVAILABILITY = YES_AGGRESSIVE;
				CLANG_WARN_UNREACHABLE_CODE = YES;
				CLANG_WARN__DUPLICATE_METHOD_MATCH = YES;
				CODE_SIGN_IDENTITY = "iPhone Developer";
				COPY_PHASE_STRIP = NO;
				DEBUG_INFORMATION_FORMAT = dwarf;
				ENABLE_STRICT_OBJC_MSGSEND = YES;
				ENABLE_TESTABILITY = YES;
				GCC_C_LANGUAGE_STANDARD = gnu11;
				GCC_DYNAMIC_NO_PIC = NO;
				GCC_NO_COMMON_BLOCKS = YES;
				GCC_OPTIMIZATION_LEVEL = 0;
				GCC_PREPROCESSOR_DEFINITIONS = (
					"DEBUG=1",
					"$(inherited)",
				);
				GCC_WARN_64_TO_32_BIT_CONVERSION = YES;
				GCC_WARN_ABOUT_RETURN_TYPE = YES_ERROR;
				GCC_WARN_UNDECLARED_SELECTOR = YES;
				GCC_WARN_UNINITIALIZED_AUTOS = YES_AGGRESSIVE;
				GCC_WARN_UNUSED_FUNCTION = YES;
				GCC_WARN_UNUSED_VARIABLE = YES;
				IPHONEOS_DEPLOYMENT_TARGET = 12.4;
				MTL_ENABLE_DEBUG_INFO = INCLUDE_SOURCE;
				MTL_FAST_MATH = YES;
				ONLY_ACTIVE_ARCH = YES;
				SDKROOT = iphoneos;
			};
			name = Debug;
		};
		B659883B22E9BDD300E6B531 /* Release */ = {
			isa = XCBuildConfiguration;
			buildSettings = {
				ALWAYS_SEARCH_USER_PATHS = NO;
				CLANG_ANALYZER_NONNULL = YES;
				CLANG_ANALYZER_NUMBER_OBJECT_CONVERSION = YES_AGGRESSIVE;
				CLANG_CXX_LANGUAGE_STANDARD = "gnu++14";
				CLANG_CXX_LIBRARY = "libc++";
				CLANG_ENABLE_MODULES = YES;
				CLANG_ENABLE_OBJC_ARC = YES;
				CLANG_ENABLE_OBJC_WEAK = YES;
				CLANG_WARN_BLOCK_CAPTURE_AUTORELEASING = YES;
				CLANG_WARN_BOOL_CONVERSION = YES;
				CLANG_WARN_COMMA = YES;
				CLANG_WARN_CONSTANT_CONVERSION = YES;
				CLANG_WARN_DEPRECATED_OBJC_IMPLEMENTATIONS = YES;
				CLANG_WARN_DIRECT_OBJC_ISA_USAGE = YES_ERROR;
				CLANG_WARN_DOCUMENTATION_COMMENTS = YES;
				CLANG_WARN_EMPTY_BODY = YES;
				CLANG_WARN_ENUM_CONVERSION = YES;
				CLANG_WARN_INFINITE_RECURSION = YES;
				CLANG_WARN_INT_CONVERSION = YES;
				CLANG_WARN_NON_LITERAL_NULL_CONVERSION = YES;
				CLANG_WARN_OBJC_IMPLICIT_RETAIN_SELF = YES;
				CLANG_WARN_OBJC_LITERAL_CONVERSION = YES;
				CLANG_WARN_OBJC_ROOT_CLASS = YES_ERROR;
				CLANG_WARN_RANGE_LOOP_ANALYSIS = YES;
				CLANG_WARN_STRICT_PROTOTYPES = YES;
				CLANG_WARN_SUSPICIOUS_MOVE = YES;
				CLANG_WARN_UNGUARDED_AVAILABILITY = YES_AGGRESSIVE;
				CLANG_WARN_UNREACHABLE_CODE = YES;
				CLANG_WARN__DUPLICATE_METHOD_MATCH = YES;
				CODE_SIGN_IDENTITY = "iPhone Developer";
				COPY_PHASE_STRIP = NO;
				DEBUG_INFORMATION_FORMAT = "dwarf-with-dsym";
				ENABLE_NS_ASSERTIONS = NO;
				ENABLE_STRICT_OBJC_MSGSEND = YES;
				GCC_C_LANGUAGE_STANDARD = gnu11;
				GCC_NO_COMMON_BLOCKS = YES;
				GCC_WARN_64_TO_32_BIT_CONVERSION = YES;
				GCC_WARN_ABOUT_RETURN_TYPE = YES_ERROR;
				GCC_WARN_UNDECLARED_SELECTOR = YES;
				GCC_WARN_UNINITIALIZED_AUTOS = YES_AGGRESSIVE;
				GCC_WARN_UNUSED_FUNCTION = YES;
				GCC_WARN_UNUSED_VARIABLE = YES;
				IPHONEOS_DEPLOYMENT_TARGET = 12.4;
				MTL_ENABLE_DEBUG_INFO = NO;
				MTL_FAST_MATH = YES;
				SDKROOT = iphoneos;
				VALIDATE_PRODUCT = YES;
			};
			name = Release;
		};
		B659883D22E9BDD300E6B531 /* Debug */ = {
			isa = XCBuildConfiguration;
			buildSettings = {
				ASSETCATALOG_COMPILER_APPICON_NAME = AppIcon;
				CODE_SIGN_STYLE = Manual;
				DEVELOPMENT_TEAM = 2ZL7K48Z74;
				ENABLE_BITCODE = NO;
				FRAMEWORK_SEARCH_PATHS = (
					"$(inherited)",
					"$(PROJECT_DIR)/MMXlogDemo/Frameworks",
					"$(PROJECT_DIR)",
				);
				INFOPLIST_FILE = MMXlogDemo/Info.plist;
				LD_RUNPATH_SEARCH_PATHS = (
					"$(inherited)",
					"@executable_path/Frameworks",
				);
				PRODUCT_BUNDLE_IDENTIFIER = com.taou.Xlog.MMXlogDemo;
				PRODUCT_NAME = "$(TARGET_NAME)";
				PROVISIONING_PROFILE_SPECIFIER = MaiMai_Inhouse_c_dev;
				TARGETED_DEVICE_FAMILY = "1,2";
			};
			name = Debug;
		};
		B659883E22E9BDD300E6B531 /* Release */ = {
			isa = XCBuildConfiguration;
			buildSettings = {
				ASSETCATALOG_COMPILER_APPICON_NAME = AppIcon;
				CODE_SIGN_IDENTITY = "iPhone Developer";
				CODE_SIGN_STYLE = Manual;
				DEVELOPMENT_TEAM = 2ZL7K48Z74;
				ENABLE_BITCODE = NO;
				FRAMEWORK_SEARCH_PATHS = (
					"$(inherited)",
					"$(PROJECT_DIR)/MMXlogDemo/Frameworks",
					"$(PROJECT_DIR)",
				);
				INFOPLIST_FILE = MMXlogDemo/Info.plist;
				LD_RUNPATH_SEARCH_PATHS = (
					"$(inherited)",
					"@executable_path/Frameworks",
				);
				PRODUCT_BUNDLE_IDENTIFIER = com.taou.Xlog.MMXlogDemo;
				PRODUCT_NAME = "$(TARGET_NAME)";
				PROVISIONING_PROFILE_SPECIFIER = MaiMai_Inhouse_c_dev;
				TARGETED_DEVICE_FAMILY = "1,2";
			};
			name = Release;
		};
/* End XCBuildConfiguration section */

/* Begin XCConfigurationList section */
		B659882122E9BDD200E6B531 /* Build configuration list for PBXProject "MMXlogDemo" */ = {
			isa = XCConfigurationList;
			buildConfigurations = (
				B659883A22E9BDD300E6B531 /* Debug */,
				B659883B22E9BDD300E6B531 /* Release */,
			);
			defaultConfigurationIsVisible = 0;
			defaultConfigurationName = Release;
		};
		B659883C22E9BDD300E6B531 /* Build configuration list for PBXNativeTarget "MMXlogDemo" */ = {
			isa = XCConfigurationList;
			buildConfigurations = (
				B659883D22E9BDD300E6B531 /* Debug */,
				B659883E22E9BDD300E6B531 /* Release */,
			);
			defaultConfigurationIsVisible = 0;
			defaultConfigurationName = Release;
		};
/* End XCConfigurationList section */
	};
	rootObject = B659881E22E9BDD200E6B531 /* Project object */;
}
